// !$*UTF8*$!
{
	archiveVersion = 1;
	classes = {
	};
	objectVersion = 46;
	objects = {

/* Begin PBXBuildFile section */
		DDBCD1621E5F5E89007BC263 /* AppDelegate.m in Sources */ = {isa = PBXBuildFile; fileRef = DDBCD1611E5F5E89007BC263 /* AppDelegate.m */; };
		DDBCD1651E5F5E89007BC263 /* main.m in Sources */ = {isa = PBXBuildFile; fileRef = DDBCD1641E5F5E89007BC263 /* main.m */; };
		DDBCD1671E5F5E89007BC263 /* Assets.xcassets in Resources */ = {isa = PBXBuildFile; fileRef = DDBCD1661E5F5E89007BC263 /* Assets.xcassets */; };
		DDBCD16A1E5F5E89007BC263 /* MainMenu.xib in Resources */ = {isa = PBXBuildFile; fileRef = DDBCD1681E5F5E89007BC263 /* MainMenu.xib */; };
		DDBCD1731E5F60F2007BC263 /* OutlineItem.m in Sources */ = {isa = PBXBuildFile; fileRef = DDBCD1721E5F60F2007BC263 /* OutlineItem.m */; };
		DDBCD1791E5F6488007BC263 /* StarredOutlineItemCellView.m in Sources */ = {isa = PBXBuildFile; fileRef = DDBCD1781E5F6488007BC263 /* StarredOutlineItemCellView.m */; };
		DDBCD17C1E5F6495007BC263 /* OutlineItemCellView.m in Sources */ = {isa = PBXBuildFile; fileRef = DDBCD17B1E5F6495007BC263 /* OutlineItemCellView.m */; };
		DDBCD1801E5F65E0007BC263 /* OutlineRowView.m in Sources */ = {isa = PBXBuildFile; fileRef = DDBCD17F1E5F65E0007BC263 /* OutlineRowView.m */; };
		DDBCD1831E5F6607007BC263 /* OutlineViewController.m in Sources */ = {isa = PBXBuildFile; fileRef = DDBCD1821E5F6607007BC263 /* OutlineViewController.m */; };
		DDBCD1881E5F684E007BC263 /* DataObject.m in Sources */ = {isa = PBXBuildFile; fileRef = DDBCD1871E5F684E007BC263 /* DataObject.m */; };
/* End PBXBuildFile section */

/* Begin PBXFileReference section */
		DDBCD15D1E5F5E89007BC263 /* OutlineViewDemo.app */ = {isa = PBXFileReference; explicitFileType = wrapper.application; includeInIndex = 0; path = OutlineViewDemo.app; sourceTree = BUILT_PRODUCTS_DIR; };
		DDBCD1601E5F5E89007BC263 /* AppDelegate.h */ = {isa = PBXFileReference; lastKnownFileType = sourcecode.c.h; name = AppDelegate.h; path = OutlineViewDemo/AppDelegate.h; sourceTree = "<group>"; };
		DDBCD1611E5F5E89007BC263 /* AppDelegate.m */ = {isa = PBXFileReference; lastKnownFileType = sourcecode.c.objc; name = AppDelegate.m; path = OutlineViewDemo/AppDelegate.m; sourceTree = "<group>"; };
		DDBCD1641E5F5E89007BC263 /* main.m */ = {isa = PBXFileReference; lastKnownFileType = sourcecode.c.objc; name = main.m; path = OutlineViewDemo/main.m; sourceTree = "<group>"; };
		DDBCD1661E5F5E89007BC263 /* Assets.xcassets */ = {isa = PBXFileReference; lastKnownFileType = folder.assetcatalog; name = Assets.xcassets; path = OutlineViewDemo/Assets.xcassets; sourceTree = "<group>"; };
		DDBCD1691E5F5E89007BC263 /* Base */ = {isa = PBXFileReference; lastKnownFileType = file.xib; name = Base; path = Base.lproj/MainMenu.xib; sourceTree = "<group>"; };
		DDBCD16B1E5F5E89007BC263 /* Info.plist */ = {isa = PBXFileReference; lastKnownFileType = text.plist.xml; name = Info.plist; path = OutlineViewDemo/Info.plist; sourceTree = "<group>"; };
		DDBCD1711E5F60F2007BC263 /* OutlineItem.h */ = {isa = PBXFileReference; fileEncoding = 4; lastKnownFileType = sourcecode.c.h; name = OutlineItem.h; path = OutlineViewDemo/OutlineItem.h; sourceTree = "<group>"; };
		DDBCD1721E5F60F2007BC263 /* OutlineItem.m */ = {isa = PBXFileReference; fileEncoding = 4; lastKnownFileType = sourcecode.c.objc; name = OutlineItem.m; path = OutlineViewDemo/OutlineItem.m; sourceTree = "<group>"; };
		DDBCD1771E5F6488007BC263 /* StarredOutlineItemCellView.h */ = {isa = PBXFileReference; fileEncoding = 4; lastKnownFileType = sourcecode.c.h; name = StarredOutlineItemCellView.h; path = OutlineViewDemo/StarredOutlineItemCellView.h; sourceTree = "<group>"; };
		DDBCD1781E5F6488007BC263 /* StarredOutlineItemCellView.m */ = {isa = PBXFileReference; fileEncoding = 4; lastKnownFileType = sourcecode.c.objc; name = StarredOutlineItemCellView.m; path = OutlineViewDemo/StarredOutlineItemCellView.m; sourceTree = "<group>"; };
		DDBCD17A1E5F6495007BC263 /* OutlineItemCellView.h */ = {isa = PBXFileReference; fileEncoding = 4; lastKnownFileType = sourcecode.c.h; name = OutlineItemCellView.h; path = OutlineViewDemo/OutlineItemCellView.h; sourceTree = "<group>"; };
		DDBCD17B1E5F6495007BC263 /* OutlineItemCellView.m */ = {isa = PBXFileReference; fileEncoding = 4; lastKnownFileType = sourcecode.c.objc; name = OutlineItemCellView.m; path = OutlineViewDemo/OutlineItemCellView.m; sourceTree = "<group>"; };
		DDBCD17E1E5F65E0007BC263 /* OutlineRowView.h */ = {isa = PBXFileReference; fileEncoding = 4; lastKnownFileType = sourcecode.c.h; name = OutlineRowView.h; path = OutlineViewDemo/OutlineRowView.h; sourceTree = "<group>"; };
		DDBCD17F1E5F65E0007BC263 /* OutlineRowView.m */ = {isa = PBXFileReference; fileEncoding = 4; lastKnownFileType = sourcecode.c.objc; name = OutlineRowView.m; path = OutlineViewDemo/OutlineRowView.m; sourceTree = "<group>"; };
		DDBCD1811E5F6607007BC263 /* OutlineViewController.h */ = {isa = PBXFileReference; fileEncoding = 4; lastKnownFileType = sourcecode.c.h; name = OutlineViewController.h; path = OutlineViewDemo/OutlineViewController.h; sourceTree = "<group>"; };
		DDBCD1821E5F6607007BC263 /* OutlineViewController.m */ = {isa = PBXFileReference; fileEncoding = 4; lastKnownFileType = sourcecode.c.objc; name = OutlineViewController.m; path = OutlineViewDemo/OutlineViewController.m; sourceTree = "<group>"; };
		DDBCD1861E5F684E007BC263 /* DataObject.h */ = {isa = PBXFileReference; fileEncoding = 4; lastKnownFileType = sourcecode.c.h; name = DataObject.h; path = OutlineViewDemo/DataObject.h; sourceTree = "<group>"; };
		DDBCD1871E5F684E007BC263 /* DataObject.m */ = {isa = PBXFileReference; fileEncoding = 4; lastKnownFileType = sourcecode.c.objc; name = DataObject.m; path = OutlineViewDemo/DataObject.m; sourceTree = "<group>"; };
/* End PBXFileReference section */

/* Begin PBXFrameworksBuildPhase section */
		DDBCD15A1E5F5E89007BC263 /* Frameworks */ = {
			isa = PBXFrameworksBuildPhase;
			buildActionMask = 2147483647;
			files = (
			);
			runOnlyForDeploymentPostprocessing = 0;
		};
/* End PBXFrameworksBuildPhase section */

/* Begin PBXGroup section */
		DDBCD1541E5F5E89007BC263 = {
			isa = PBXGroup;
			children = (
				DDBCD1841E5F66C3007BC263 /* Classes */,
				DDBCD1851E5F66DB007BC263 /* Supporting Files */,
				DDBCD15E1E5F5E89007BC263 /* Products */,
			);
			sourceTree = "<group>";
		};
		DDBCD15E1E5F5E89007BC263 /* Products */ = {
			isa = PBXGroup;
			children = (
				DDBCD15D1E5F5E89007BC263 /* OutlineViewDemo.app */,
			);
			name = Products;
			sourceTree = "<group>";
		};
		DDBCD1841E5F66C3007BC263 /* Classes */ = {
			isa = PBXGroup;
			children = (
				DDBCD1601E5F5E89007BC263 /* AppDelegate.h */,
				DDBCD1611E5F5E89007BC263 /* AppDelegate.m */,
				DDBCD1861E5F684E007BC263 /* DataObject.h */,
				DDBCD1871E5F684E007BC263 /* DataObject.m */,
				DDBCD1711E5F60F2007BC263 /* OutlineItem.h */,
				DDBCD1721E5F60F2007BC263 /* OutlineItem.m */,
				DDBCD17A1E5F6495007BC263 /* OutlineItemCellView.h */,
				DDBCD17B1E5F6495007BC263 /* OutlineItemCellView.m */,
				DDBCD17E1E5F65E0007BC263 /* OutlineRowView.h */,
				DDBCD17F1E5F65E0007BC263 /* OutlineRowView.m */,
				DDBCD1811E5F6607007BC263 /* OutlineViewController.h */,
				DDBCD1821E5F6607007BC263 /* OutlineViewController.m */,
				DDBCD1771E5F6488007BC263 /* StarredOutlineItemCellView.h */,
				DDBCD1781E5F6488007BC263 /* StarredOutlineItemCellView.m */,
			);
			name = Classes;
			sourceTree = "<group>";
		};
		DDBCD1851E5F66DB007BC263 /* Supporting Files */ = {
			isa = PBXGroup;
			children = (
				DDBCD1661E5F5E89007BC263 /* Assets.xcassets */,
				DDBCD16B1E5F5E89007BC263 /* Info.plist */,
				DDBCD1641E5F5E89007BC263 /* main.m */,
				DDBCD1681E5F5E89007BC263 /* MainMenu.xib */,
			);
			name = "Supporting Files";
			sourceTree = "<group>";
		};
/* End PBXGroup section */

/* Begin PBXNativeTarget section */
		DDBCD15C1E5F5E89007BC263 /* OutlineViewDemo */ = {
			isa = PBXNativeTarget;
			buildConfigurationList = DDBCD16E1E5F5E89007BC263 /* Build configuration list for PBXNativeTarget "OutlineViewDemo" */;
			buildPhases = (
				DDBCD1591E5F5E89007BC263 /* Sources */,
				DDBCD15A1E5F5E89007BC263 /* Frameworks */,
				DDBCD15B1E5F5E89007BC263 /* Resources */,
			);
			buildRules = (
			);
			dependencies = (
			);
			name = OutlineViewDemo;
			productName = OutlineViewDemo;
			productReference = DDBCD15D1E5F5E89007BC263 /* OutlineViewDemo.app */;
			productType = "com.apple.product-type.application";
		};
/* End PBXNativeTarget section */

/* Begin PBXProject section */
		DDBCD1551E5F5E89007BC263 /* Project object */ = {
			isa = PBXProject;
			attributes = {
				LastUpgradeCheck = 0820;
				ORGANIZATIONNAME = DTS;
				TargetAttributes = {
					DDBCD15C1E5F5E89007BC263 = {
						CreatedOnToolsVersion = 8.2.1;
						ProvisioningStyle = Automatic;
					};
				};
			};
			buildConfigurationList = DDBCD1581E5F5E89007BC263 /* Build configuration list for PBXProject "OutlineViewDemo" */;
			compatibilityVersion = "Xcode 3.2";
			developmentRegion = English;
			hasScannedForEncodings = 0;
			knownRegions = (
				en,
				Base,
			);
			mainGroup = DDBCD1541E5F5E89007BC263;
			productRefGroup = DDBCD15E1E5F5E89007BC263 /* Products */;
			projectDirPath = "";
			projectRoot = "";
			targets = (
				DDBCD15C1E5F5E89007BC263 /* OutlineViewDemo */,
			);
		};
/* End PBXProject section */

/* Begin PBXResourcesBuildPhase section */
		DDBCD15B1E5F5E89007BC263 /* Resources */ = {
			isa = PBXResourcesBuildPhase;
			buildActionMask = 2147483647;
			files = (
				DDBCD1671E5F5E89007BC263 /* Assets.xcassets in Resources */,
				DDBCD16A1E5F5E89007BC263 /* MainMenu.xib in Resources */,
			);
			runOnlyForDeploymentPostprocessing = 0;
		};
/* End PBXResourcesBuildPhase section */

/* Begin PBXSourcesBuildPhase section */
		DDBCD1591E5F5E89007BC263 /* Sources */ = {
			isa = PBXSourcesBuildPhase;
			buildActionMask = 2147483647;
			files = (
				DDBCD1651E5F5E89007BC263 /* main.m in Sources */,
				DDBCD1831E5F6607007BC263 /* OutlineViewController.m in Sources */,
				DDBCD1791E5F6488007BC263 /* StarredOutlineItemCellView.m in Sources */,
				DDBCD1621E5F5E89007BC263 /* AppDelegate.m in Sources */,
				DDBCD1801E5F65E0007BC263 /* OutlineRowView.m in Sources */,
				DDBCD17C1E5F6495007BC263 /* OutlineItemCellView.m in Sources */,
				DDBCD1881E5F684E007BC263 /* DataObject.m in Sources */,
				DDBCD1731E5F60F2007BC263 /* OutlineItem.m in Sources */,
			);
			runOnlyForDeploymentPostprocessing = 0;
		};
/* End PBXSourcesBuildPhase section */

/* Begin PBXVariantGroup section */
		DDBCD1681E5F5E89007BC263 /* MainMenu.xib */ = {
			isa = PBXVariantGroup;
			children = (
				DDBCD1691E5F5E89007BC263 /* Base */,
			);
			name = MainMenu.xib;
			path = OutlineViewDemo;
			sourceTree = "<group>";
		};
/* End PBXVariantGroup section */

/* Begin XCBuildConfiguration section */
		DDBCD16C1E5F5E89007BC263 /* Debug */ = {
			isa = XCBuildConfiguration;
			buildSettings = {
				ALWAYS_SEARCH_USER_PATHS = NO;
				CLANG_ANALYZER_NONNULL = YES;
				CLANG_CXX_LANGUAGE_STANDARD = "gnu++0x";
				CLANG_CXX_LIBRARY = "libc++";
				CLANG_ENABLE_MODULES = YES;
				CLANG_ENABLE_OBJC_ARC = YES;
				CLANG_WARN_BOOL_CONVERSION = YES;
				CLANG_WARN_CONSTANT_CONVERSION = YES;
				CLANG_WARN_DIRECT_OBJC_ISA_USAGE = YES_ERROR;
				CLANG_WARN_DOCUMENTATION_COMMENTS = YES;
				CLANG_WARN_EMPTY_BODY = YES;
				CLANG_WARN_ENUM_CONVERSION = YES;
				CLANG_WARN_INFINITE_RECURSION = YES;
				CLANG_WARN_INT_CONVERSION = YES;
				CLANG_WARN_OBJC_ROOT_CLASS = YES_ERROR;
				CLANG_WARN_SUSPICIOUS_MOVE = YES;
				CLANG_WARN_UNREACHABLE_CODE = YES;
				CLANG_WARN__DUPLICATE_METHOD_MATCH = YES;
				CODE_SIGN_IDENTITY = "-";
				COPY_PHASE_STRIP = NO;
				DEBUG_INFORMATION_FORMAT = dwarf;
				ENABLE_STRICT_OBJC_MSGSEND = YES;
				ENABLE_TESTABILITY = YES;
				GCC_C_LANGUAGE_STANDARD = gnu99;
				GCC_DYNAMIC_NO_PIC = NO;
				GCC_NO_COMMON_BLOCKS = YES;
				GCC_OPTIMIZATION_LEVEL = 0;
				GCC_PREPROCESSOR_DEFINITIONS = (
					"DEBUG=1",
					"$(inherited)",
				);
				GCC_WARN_64_TO_32_BIT_CONVERSION = YES;
				GCC_WARN_ABOUT_RETURN_TYPE = YES_ERROR;
				GCC_WARN_UNDECLARED_SELECTOR = YES;
				GCC_WARN_UNINITIALIZED_AUTOS = YES_AGGRESSIVE;
				GCC_WARN_UNUSED_FUNCTION = YES;
				GCC_WARN_UNUSED_VARIABLE = YES;
				MACOSX_DEPLOYMENT_TARGET = 10.12;
				MTL_ENABLE_DEBUG_INFO = YES;
				ONLY_ACTIVE_ARCH = YES;
				SDKROOT = macosx;
			};
			name = Debug;
		};
		DDBCD16D1E5F5E89007BC263 /* Release */ = {
			isa = XCBuildConfiguration;
			buildSettings = {
				ALWAYS_SEARCH_USER_PATHS = NO;
				CLANG_ANALYZER_NONNULL = YES;
				CLANG_CXX_LANGUAGE_STANDARD = "gnu++0x";
				CLANG_CXX_LIBRARY = "libc++";
				CLANG_ENABLE_MODULES = YES;
				CLANG_ENABLE_OBJC_ARC = YES;
				CLANG_WARN_BOOL_CONVERSION = YES;
				CLANG_WARN_CONSTANT_CONVERSION = YES;
				CLANG_WARN_DIRECT_OBJC_ISA_USAGE = YES_ERROR;
				CLANG_WARN_DOCUMENTATION_COMMENTS = YES;
				CLANG_WARN_EMPTY_BODY = YES;
				CLANG_WARN_ENUM_CONVERSION = YES;
				CLANG_WARN_INFINITE_RECURSION = YES;
				CLANG_WARN_INT_CONVERSION = YES;
				CLANG_WARN_OBJC_ROOT_CLASS = YES_ERROR;
				CLANG_WARN_SUSPICIOUS_MOVE = YES;
				CLANG_WARN_UNREACHABLE_CODE = YES;
				CLANG_WARN__DUPLICATE_METHOD_MATCH = YES;
				CODE_SIGN_IDENTITY = "-";
				COPY_PHASE_STRIP = NO;
				DEBUG_INFORMATION_FORMAT = "dwarf-with-dsym";
				ENABLE_NS_ASSERTIONS = NO;
				ENABLE_STRICT_OBJC_MSGSEND = YES;
				GCC_C_LANGUAGE_STANDARD = gnu99;
				GCC_NO_COMMON_BLOCKS = YES;
				GCC_WARN_64_TO_32_BIT_CONVERSION = YES;
				GCC_WARN_ABOUT_RETURN_TYPE = YES_ERROR;
				GCC_WARN_UNDECLARED_SELECTOR = YES;
				GCC_WARN_UNINITIALIZED_AUTOS = YES_AGGRESSIVE;
				GCC_WARN_UNUSED_FUNCTION = YES;
				GCC_WARN_UNUSED_VARIABLE = YES;
				MACOSX_DEPLOYMENT_TARGET = 10.12;
				MTL_ENABLE_DEBUG_INFO = NO;
				SDKROOT = macosx;
			};
			name = Release;
		};
		DDBCD16F1E5F5E89007BC263 /* Debug */ = {
			isa = XCBuildConfiguration;
			buildSettings = {
				ASSETCATALOG_COMPILER_APPICON_NAME = AppIcon;
				COMBINE_HIDPI_IMAGES = YES;
				INFOPLIST_FILE = OutlineViewDemo/Info.plist;
				LD_RUNPATH_SEARCH_PATHS = "$(inherited) @executable_path/../Frameworks";
				PRODUCT_BUNDLE_IDENTIFIER = com.shpakovski.OutlineViewDemo;
				PRODUCT_NAME = "$(TARGET_NAME)";
			};
			name = Debug;
		};
		DDBCD1701E5F5E89007BC263 /* Release */ = {
			isa = XCBuildConfiguration;
			buildSettings = {
				ASSETCATALOG_COMPILER_APPICON_NAME = AppIcon;
				COMBINE_HIDPI_IMAGES = YES;
				INFOPLIST_FILE = OutlineViewDemo/Info.plist;
				LD_RUNPATH_SEARCH_PATHS = "$(inherited) @executable_path/../Frameworks";
				PRODUCT_BUNDLE_IDENTIFIER = com.shpakovski.OutlineViewDemo;
				PRODUCT_NAME = "$(TARGET_NAME)";
			};
			name = Release;
		};
/* End XCBuildConfiguration section */

/* Begin XCConfigurationList section */
		DDBCD1581E5F5E89007BC263 /* Build configuration list for PBXProject "OutlineViewDemo" */ = {
			isa = XCConfigurationList;
			buildConfigurations = (
				DDBCD16C1E5F5E89007BC263 /* Debug */,
				DDBCD16D1E5F5E89007BC263 /* Release */,
			);
			defaultConfigurationIsVisible = 0;
			defaultConfigurationName = Release;
		};
		DDBCD16E1E5F5E89007BC263 /* Build configuration list for PBXNativeTarget "OutlineViewDemo" */ = {
			isa = XCConfigurationList;
			buildConfigurations = (
				DDBCD16F1E5F5E89007BC263 /* Debug */,
				DDBCD1701E5F5E89007BC263 /* Release */,
			);
			defaultConfigurationIsVisible = 0;
		};
/* End XCConfigurationList section */
	};
	rootObject = DDBCD1551E5F5E89007BC263 /* Project object */;
}
